
Microsoft Visual Studio Solution File, Format Version 12.00
# Visual Studio Version 17
VisualStudioVersion = 17.7.34221.43
MinimumVisualStudioVersion = 10.0.40219.1
Project("{FAE04EC0-301F-11D3-BF4B-00C04F79EFBC}") = "GroceryStroreApp", "GroceryStroreApp\GroceryStroreApp.csproj", "{A38BDDB0-928F-4272-97AA-248AA6A3891C}"
EndProject
Global
	GlobalSection(SolutionConfigurationPlatforms) = preSolution
		Debug|Any CPU = Debug|Any CPU
		Release|Any CPU = Release|Any CPU
	EndGlobalSection
	GlobalSection(ProjectConfigurationPlatforms) = postSolution
		{A38BDDB0-928F-4272-97AA-248AA6A3891C}.Debug|Any CPU.ActiveCfg = Debug|Any CPU
		{A38BDDB0-928F-4272-97AA-248AA6A3891C}.Debug|Any CPU.Build.0 = Debug|Any CPU
		{A38BDDB0-928F-4272-97AA-248AA6A3891C}.Release|Any CPU.ActiveCfg = Release|Any CPU
		{A38BDDB0-928F-4272-97AA-248AA6A3891C}.Release|Any CPU.Build.0 = Release|Any CPU
	EndGlobalSection
	GlobalSection(SolutionProperties) = preSolution
		HideSolutionNode = FALSE
	EndGlobalSection
	GlobalSection(ExtensibilityGlobals) = postSolution
		SolutionGuid = {D69C71A4-9250-47A9-80F5-8A04B1D05D82}
	EndGlobalSection
EndGlobal
